// !$*UTF8*$!
{
	archiveVersion = 1;
	classes = {
	};
	objectVersion = 50;
	objects = {

/* Begin PBXBuildFile section */
		7B0B56BE2470061200E07BBF /* MainView.swift in Sources */ = {isa = PBXBuildFile; fileRef = 7B0B56BD2470061200E07BBF /* MainView.swift */; };
		7B9CA9FA24E98E0A005768FE /* PageCell.swift in Sources */ = {isa = PBXBuildFile; fileRef = 7B9CA9F924E98E0A005768FE /* PageCell.swift */; };
		7BCF5DDD2467F40F00649FC5 /* AppDelegate.swift in Sources */ = {isa = PBXBuildFile; fileRef = 7BCF5DDC2467F40F00649FC5 /* AppDelegate.swift */; };
		7BCF5DDF2467F40F00649FC5 /* SceneDelegate.swift in Sources */ = {isa = PBXBuildFile; fileRef = 7BCF5DDE2467F40F00649FC5 /* SceneDelegate.swift */; };
		7BCF5DE12467F40F00649FC5 /* MainController.swift in Sources */ = {isa = PBXBuildFile; fileRef = 7BCF5DE02467F40F00649FC5 /* MainController.swift */; };
		7BCF5DE62467F41100649FC5 /* Assets.xcassets in Resources */ = {isa = PBXBuildFile; fileRef = 7BCF5DE52467F41100649FC5 /* Assets.xcassets */; };
		7BCF5DE92467F41100649FC5 /* LaunchScreen.storyboard in Resources */ = {isa = PBXBuildFile; fileRef = 7BCF5DE72467F41100649FC5 /* LaunchScreen.storyboard */; };
		7BCF5DF12468051E00649FC5 /* DetailController.swift in Sources */ = {isa = PBXBuildFile; fileRef = 7BCF5DF02468051E00649FC5 /* DetailController.swift */; };
/* End PBXBuildFile section */

/* Begin PBXFileReference section */
		7B0B56BD2470061200E07BBF /* MainView.swift */ = {isa = PBXFileReference; lastKnownFileType = sourcecode.swift; path = MainView.swift; sourceTree = "<group>"; };
		7B9CA9F924E98E0A005768FE /* PageCell.swift */ = {isa = PBXFileReference; lastKnownFileType = sourcecode.swift; path = PageCell.swift; sourceTree = "<group>"; };
		7BCF5DD92467F40F00649FC5 /* Contoh 4.app */ = {isa = PBXFileReference; explicitFileType = wrapper.application; includeInIndex = 0; path = "Contoh 4.app"; sourceTree = BUILT_PRODUCTS_DIR; };
		7BCF5DDC2467F40F00649FC5 /* AppDelegate.swift */ = {isa = PBXFileReference; lastKnownFileType = sourcecode.swift; path = AppDelegate.swift; sourceTree = "<group>"; };
		7BCF5DDE2467F40F00649FC5 /* SceneDelegate.swift */ = {isa = PBXFileReference; lastKnownFileType = sourcecode.swift; path = SceneDelegate.swift; sourceTree = "<group>"; };
		7BCF5DE02467F40F00649FC5 /* MainController.swift */ = {isa = PBXFileReference; lastKnownFileType = sourcecode.swift; path = MainController.swift; sourceTree = "<group>"; };
		7BCF5DE52467F41100649FC5 /* Assets.xcassets */ = {isa = PBXFileReference; lastKnownFileType = folder.assetcatalog; path = Assets.xcassets; sourceTree = "<group>"; };
		7BCF5DE82467F41100649FC5 /* Base */ = {isa = PBXFileReference; lastKnownFileType = file.storyboard; name = Base; path = Base.lproj/LaunchScreen.storyboard; sourceTree = "<group>"; };
		7BCF5DEA2467F41100649FC5 /* Info.plist */ = {isa = PBXFileReference; lastKnownFileType = text.plist.xml; path = Info.plist; sourceTree = "<group>"; };
		7BCF5DF02468051E00649FC5 /* DetailController.swift */ = {isa = PBXFileReference; lastKnownFileType = sourcecode.swift; path = DetailController.swift; sourceTree = "<group>"; };
/* End PBXFileReference section */

/* Begin PBXFrameworksBuildPhase section */
		7BCF5DD62467F40F00649FC5 /* Frameworks */ = {
			isa = PBXFrameworksBuildPhase;
			buildActionMask = 2147483647;
			files = (
			);
			runOnlyForDeploymentPostprocessing = 0;
		};
/* End PBXFrameworksBuildPhase section */

/* Begin PBXGroup section */
		7B0B56BF2470064B00E07BBF /* Model */ = {
			isa = PBXGroup;
			children = (
			);
			path = Model;
			sourceTree = "<group>";
		};
		7B0B56C02470065500E07BBF /* View */ = {
			isa = PBXGroup;
			children = (
				7B0B56BD2470061200E07BBF /* MainView.swift */,
			);
			path = View;
			sourceTree = "<group>";
		};
		7B0B56C12470066000E07BBF /* Controller */ = {
			isa = PBXGroup;
			children = (
				7BCF5DE02467F40F00649FC5 /* MainController.swift */,
				7BCF5DF02468051E00649FC5 /* DetailController.swift */,
				7B9CA9F924E98E0A005768FE /* PageCell.swift */,
			);
			path = Controller;
			sourceTree = "<group>";
		};
		7BCF5DD02467F40F00649FC5 = {
			isa = PBXGroup;
			children = (
				7BCF5DDB2467F40F00649FC5 /* Contoh 4 */,
				7BCF5DDA2467F40F00649FC5 /* Products */,
			);
			sourceTree = "<group>";
		};
		7BCF5DDA2467F40F00649FC5 /* Products */ = {
			isa = PBXGroup;
			children = (
				7BCF5DD92467F40F00649FC5 /* Contoh 4.app */,
			);
			name = Products;
			sourceTree = "<group>";
		};
		7BCF5DDB2467F40F00649FC5 /* Contoh 4 */ = {
			isa = PBXGroup;
			children = (
				7BCF5DDC2467F40F00649FC5 /* AppDelegate.swift */,
				7BCF5DDE2467F40F00649FC5 /* SceneDelegate.swift */,
				7B0B56BF2470064B00E07BBF /* Model */,
				7B0B56C02470065500E07BBF /* View */,
				7B0B56C12470066000E07BBF /* Controller */,
				7BCF5DE52467F41100649FC5 /* Assets.xcassets */,
				7BCF5DE72467F41100649FC5 /* LaunchScreen.storyboard */,
				7BCF5DEA2467F41100649FC5 /* Info.plist */,
			);
			path = "Contoh 4";
			sourceTree = "<group>";
		};
/* End PBXGroup section */

/* Begin PBXNativeTarget section */
		7BCF5DD82467F40F00649FC5 /* Contoh 4 */ = {
			isa = PBXNativeTarget;
			buildConfigurationList = 7BCF5DED2467F41100649FC5 /* Build configuration list for PBXNativeTarget "Contoh 4" */;
			buildPhases = (
				7BCF5DD52467F40F00649FC5 /* Sources */,
				7BCF5DD62467F40F00649FC5 /* Frameworks */,
				7BCF5DD72467F40F00649FC5 /* Resources */,
			);
			buildRules = (
			);
			dependencies = (
			);
			name = "Contoh 4";
			productName = "Contoh 4";
			productReference = 7BCF5DD92467F40F00649FC5 /* Contoh 4.app */;
			productType = "com.apple.product-type.application";
		};
/* End PBXNativeTarget section */

/* Begin PBXProject section */
		7BCF5DD12467F40F00649FC5 /* Project object */ = {
			isa = PBXProject;
			attributes = {
				LastSwiftUpdateCheck = 1130;
				LastUpgradeCheck = 1130;
				ORGANIZATIONNAME = "Aldowan Apta Premala";
				TargetAttributes = {
					7BCF5DD82467F40F00649FC5 = {
						CreatedOnToolsVersion = 11.3.1;
					};
				};
			};
			buildConfigurationList = 7BCF5DD42467F40F00649FC5 /* Build configuration list for PBXProject "Contoh 4" */;
			compatibilityVersion = "Xcode 9.3";
			developmentRegion = en;
			hasScannedForEncodings = 0;
			knownRegions = (
				en,
				Base,
			);
			mainGroup = 7BCF5DD02467F40F00649FC5;
			productRefGroup = 7BCF5DDA2467F40F00649FC5 /* Products */;
			projectDirPath = "";
			projectRoot = "";
			targets = (
				7BCF5DD82467F40F00649FC5 /* Contoh 4 */,
			);
		};
/* End PBXProject section */

/* Begin PBXResourcesBuildPhase section */
		7BCF5DD72467F40F00649FC5 /* Resources */ = {
			isa = PBXResourcesBuildPhase;
			buildActionMask = 2147483647;
			files = (
				7BCF5DE92467F41100649FC5 /* LaunchScreen.storyboard in Resources */,
				7BCF5DE62467F41100649FC5 /* Assets.xcassets in Resources */,
			);
			runOnlyForDeploymentPostprocessing = 0;
		};
/* End PBXResourcesBuildPhase section */

/* Begin PBXSourcesBuildPhase section */
		7BCF5DD52467F40F00649FC5 /* Sources */ = {
			isa = PBXSourcesBuildPhase;
			buildActionMask = 2147483647;
			files = (
				7BCF5DF12468051E00649FC5 /* DetailController.swift in Sources */,
				7BCF5DE12467F40F00649FC5 /* MainController.swift in Sources */,
				7B9CA9FA24E98E0A005768FE /* PageCell.swift in Sources */,
				7BCF5DDD2467F40F00649FC5 /* AppDelegate.swift in Sources */,
				7B0B56BE2470061200E07BBF /* MainView.swift in Sources */,
				7BCF5DDF2467F40F00649FC5 /* SceneDelegate.swift in Sources */,
			);
			runOnlyForDeploymentPostprocessing = 0;
		};
/* End PBXSourcesBuildPhase section */

/* Begin PBXVariantGroup section */
		7BCF5DE72467F41100649FC5 /* LaunchScreen.storyboard */ = {
			isa = PBXVariantGroup;
			children = (
				7BCF5DE82467F41100649FC5 /* Base */,
			);
			name = LaunchScreen.storyboard;
			sourceTree = "<group>";
		};
/* End PBXVariantGroup section */

/* Begin XCBuildConfiguration section */
		7BCF5DEB2467F41100649FC5 /* Debug */ = {
			isa = XCBuildConfiguration;
			buildSettings = {
				ALWAYS_SEARCH_USER_PATHS = NO;
				CLANG_ANALYZER_NONNULL = YES;
				CLANG_ANALYZER_NUMBER_OBJECT_CONVERSION = YES_AGGRESSIVE;
				CLANG_CXX_LANGUAGE_STANDARD = "gnu++14";
				CLANG_CXX_LIBRARY = "libc++";
				CLANG_ENABLE_MODULES = YES;
				CLANG_ENABLE_OBJC_ARC = YES;
				CLANG_ENABLE_OBJC_WEAK = YES;
				CLANG_WARN_BLOCK_CAPTURE_AUTORELEASING = YES;
				CLANG_WARN_BOOL_CONVERSION = YES;
				CLANG_WARN_COMMA = YES;
				CLANG_WARN_CONSTANT_CONVERSION = YES;
				CLANG_WARN_DEPRECATED_OBJC_IMPLEMENTATIONS = YES;
				CLANG_WARN_DIRECT_OBJC_ISA_USAGE = YES_ERROR;
				CLANG_WARN_DOCUMENTATION_COMMENTS = YES;
				CLANG_WARN_EMPTY_BODY = YES;
				CLANG_WARN_ENUM_CONVERSION = YES;
				CLANG_WARN_INFINITE_RECURSION = YES;
				CLANG_WARN_INT_CONVERSION = YES;
				CLANG_WARN_NON_LITERAL_NULL_CONVERSION = YES;
				CLANG_WARN_OBJC_IMPLICIT_RETAIN_SELF = YES;
				CLANG_WARN_OBJC_LITERAL_CONVERSION = YES;
				CLANG_WARN_OBJC_ROOT_CLASS = YES_ERROR;
				CLANG_WARN_RANGE_LOOP_ANALYSIS = YES;
				CLANG_WARN_STRICT_PROTOTYPES = YES;
				CLANG_WARN_SUSPICIOUS_MOVE = YES;
				CLANG_WARN_UNGUARDED_AVAILABILITY = YES_AGGRESSIVE;
				CLANG_WARN_UNREACHABLE_CODE = YES;
				CLANG_WARN__DUPLICATE_METHOD_MATCH = YES;
				COPY_PHASE_STRIP = NO;
				DEBUG_INFORMATION_FORMAT = dwarf;
				ENABLE_STRICT_OBJC_MSGSEND = YES;
				ENABLE_TESTABILITY = YES;
				GCC_C_LANGUAGE_STANDARD = gnu11;
				GCC_DYNAMIC_NO_PIC = NO;
				GCC_NO_COMMON_BLOCKS = YES;
				GCC_OPTIMIZATION_LEVEL = 0;
				GCC_PREPROCESSOR_DEFINITIONS = (
					"DEBUG=1",
					"$(inherited)",
				);
				GCC_WARN_64_TO_32_BIT_CONVERSION = YES;
				GCC_WARN_ABOUT_RETURN_TYPE = YES_ERROR;
				GCC_WARN_UNDECLARED_SELECTOR = YES;
				GCC_WARN_UNINITIALIZED_AUTOS = YES_AGGRESSIVE;
				GCC_WARN_UNUSED_FUNCTION = YES;
				GCC_WARN_UNUSED_VARIABLE = YES;
				IPHONEOS_DEPLOYMENT_TARGET = 13.2;
				MTL_ENABLE_DEBUG_INFO = INCLUDE_SOURCE;
				MTL_FAST_MATH = YES;
				ONLY_ACTIVE_ARCH = YES;
				SDKROOT = iphoneos;
				SWIFT_ACTIVE_COMPILATION_CONDITIONS = DEBUG;
				SWIFT_OPTIMIZATION_LEVEL = "-Onone";
			};
			name = Debug;
		};
		7BCF5DEC2467F41100649FC5 /* Release */ = {
			isa = XCBuildConfiguration;
			buildSettings = {
				ALWAYS_SEARCH_USER_PATHS = NO;
				CLANG_ANALYZER_NONNULL = YES;
				CLANG_ANALYZER_NUMBER_OBJECT_CONVERSION = YES_AGGRESSIVE;
				CLANG_CXX_LANGUAGE_STANDARD = "gnu++14";
				CLANG_CXX_LIBRARY = "libc++";
				CLANG_ENABLE_MODULES = YES;
				CLANG_ENABLE_OBJC_ARC = YES;
				CLANG_ENABLE_OBJC_WEAK = YES;
				CLANG_WARN_BLOCK_CAPTURE_AUTORELEASING = YES;
				CLANG_WARN_BOOL_CONVERSION = YES;
				CLANG_WARN_COMMA = YES;
				CLANG_WARN_CONSTANT_CONVERSION = YES;
				CLANG_WARN_DEPRECATED_OBJC_IMPLEMENTATIONS = YES;
				CLANG_WARN_DIRECT_OBJC_ISA_USAGE = YES_ERROR;
				CLANG_WARN_DOCUMENTATION_COMMENTS = YES;
				CLANG_WARN_EMPTY_BODY = YES;
				CLANG_WARN_ENUM_CONVERSION = YES;
				CLANG_WARN_INFINITE_RECURSION = YES;
				CLANG_WARN_INT_CONVERSION = YES;
				CLANG_WARN_NON_LITERAL_NULL_CONVERSION = YES;
				CLANG_WARN_OBJC_IMPLICIT_RETAIN_SELF = YES;
				CLANG_WARN_OBJC_LITERAL_CONVERSION = YES;
				CLANG_WARN_OBJC_ROOT_CLASS = YES_ERROR;
				CLANG_WARN_RANGE_LOOP_ANALYSIS = YES;
				CLANG_WARN_STRICT_PROTOTYPES = YES;
				CLANG_WARN_SUSPICIOUS_MOVE = YES;
				CLANG_WARN_UNGUARDED_AVAILABILITY = YES_AGGRESSIVE;
				CLANG_WARN_UNREACHABLE_CODE = YES;
				CLANG_WARN__DUPLICATE_METHOD_MATCH = YES;
				COPY_PHASE_STRIP = NO;
				DEBUG_INFORMATION_FORMAT = "dwarf-with-dsym";
				ENABLE_NS_ASSERTIONS = NO;
				ENABLE_STRICT_OBJC_MSGSEND = YES;
				GCC_C_LANGUAGE_STANDARD = gnu11;
				GCC_NO_COMMON_BLOCKS = YES;
				GCC_WARN_64_TO_32_BIT_CONVERSION = YES;
				GCC_WARN_ABOUT_RETURN_TYPE = YES_ERROR;
				GCC_WARN_UNDECLARED_SELECTOR = YES;
				GCC_WARN_UNINITIALIZED_AUTOS = YES_AGGRESSIVE;
				GCC_WARN_UNUSED_FUNCTION = YES;
				GCC_WARN_UNUSED_VARIABLE = YES;
				IPHONEOS_DEPLOYMENT_TARGET = 13.2;
				MTL_ENABLE_DEBUG_INFO = NO;
				MTL_FAST_MATH = YES;
				SDKROOT = iphoneos;
				SWIFT_COMPILATION_MODE = wholemodule;
				SWIFT_OPTIMIZATION_LEVEL = "-O";
				VALIDATE_PRODUCT = YES;
			};
			name = Release;
		};
		7BCF5DEE2467F41100649FC5 /* Debug */ = {
			isa = XCBuildConfiguration;
			buildSettings = {
				ASSETCATALOG_COMPILER_APPICON_NAME = AppIcon;
				CODE_SIGN_STYLE = Automatic;
				DEVELOPMENT_TEAM = 2JH9T68793;
				INFOPLIST_FILE = "Contoh 4/Info.plist";
				LD_RUNPATH_SEARCH_PATHS = (
					"$(inherited)",
					"@executable_path/Frameworks",
				);
				PRODUCT_BUNDLE_IDENTIFIER = "Apple.Contoh-4";
				PRODUCT_NAME = "$(TARGET_NAME)";
				SWIFT_VERSION = 5.0;
				TARGETED_DEVICE_FAMILY = "1,2";
			};
			name = Debug;
		};
		7BCF5DEF2467F41100649FC5 /* Release */ = {
			isa = XCBuildConfiguration;
			buildSettings = {
				ASSETCATALOG_COMPILER_APPICON_NAME = AppIcon;
				CODE_SIGN_STYLE = Automatic;
				DEVELOPMENT_TEAM = 2JH9T68793;
				INFOPLIST_FILE = "Contoh 4/Info.plist";
				LD_RUNPATH_SEARCH_PATHS = (
					"$(inherited)",
					"@executable_path/Frameworks",
				);
				PRODUCT_BUNDLE_IDENTIFIER = "Apple.Contoh-4";
				PRODUCT_NAME = "$(TARGET_NAME)";
				SWIFT_VERSION = 5.0;
				TARGETED_DEVICE_FAMILY = "1,2";
			};
			name = Release;
		};
/* End XCBuildConfiguration section */

/* Begin XCConfigurationList section */
		7BCF5DD42467F40F00649FC5 /* Build configuration list for PBXProject "Contoh 4" */ = {
			isa = XCConfigurationList;
			buildConfigurations = (
				7BCF5DEB2467F41100649FC5 /* Debug */,
				7BCF5DEC2467F41100649FC5 /* Release */,
			);
			defaultConfigurationIsVisible = 0;
			defaultConfigurationName = Release;
		};
		7BCF5DED2467F41100649FC5 /* Build configuration list for PBXNativeTarget "Contoh 4" */ = {
			isa = XCConfigurationList;
			buildConfigurations = (
				7BCF5DEE2467F41100649FC5 /* Debug */,
				7BCF5DEF2467F41100649FC5 /* Release */,
			);
			defaultConfigurationIsVisible = 0;
			defaultConfigurationName = Release;
		};
/* End XCConfigurationList section */
	};
	rootObject = 7BCF5DD12467F40F00649FC5 /* Project object */;
}
